// !$*UTF8*$!
{
	archiveVersion = 1;
	classes = {
	};
	objectVersion = 55;
	objects = {

/* Begin PBXBuildFile section */
		2B8ACF0ACCCD17D776973EEF /* Pods_Marvel.framework in Frameworks */ = {isa = PBXBuildFile; fileRef = 1FCC1B04EFE48193EE0B78B8 /* Pods_Marvel.framework */; };
		3A2BA17028AD9479002578EC /* AppDelegate.swift in Sources */ = {isa = PBXBuildFile; fileRef = 3A2BA16F28AD9479002578EC /* AppDelegate.swift */; };
		3A2BA17228AD9479002578EC /* SceneDelegate.swift in Sources */ = {isa = PBXBuildFile; fileRef = 3A2BA17128AD9479002578EC /* SceneDelegate.swift */; };
		3A2BA17428AD9479002578EC /* MainViewController.swift in Sources */ = {isa = PBXBuildFile; fileRef = 3A2BA17328AD9479002578EC /* MainViewController.swift */; };
		3A2BA17728AD9479002578EC /* Main.storyboard in Resources */ = {isa = PBXBuildFile; fileRef = 3A2BA17528AD9479002578EC /* Main.storyboard */; };
		3A2BA17928AD947A002578EC /* Assets.xcassets in Resources */ = {isa = PBXBuildFile; fileRef = 3A2BA17828AD947A002578EC /* Assets.xcassets */; };
		3A2BA17C28AD947A002578EC /* LaunchScreen.storyboard in Resources */ = {isa = PBXBuildFile; fileRef = 3A2BA17A28AD947A002578EC /* LaunchScreen.storyboard */; };
		3A2BA18728AD947A002578EC /* MarvelTests.swift in Sources */ = {isa = PBXBuildFile; fileRef = 3A2BA18628AD947A002578EC /* MarvelTests.swift */; };
		3A2BA19128AD947A002578EC /* MarvelUITests.swift in Sources */ = {isa = PBXBuildFile; fileRef = 3A2BA19028AD947A002578EC /* MarvelUITests.swift */; };
		3A2BA19328AD947A002578EC /* MarvelUITestsLaunchTests.swift in Sources */ = {isa = PBXBuildFile; fileRef = 3A2BA19228AD947A002578EC /* MarvelUITestsLaunchTests.swift */; };
		3A2BA1A428AD9823002578EC /* Array+Extensions.swift in Sources */ = {isa = PBXBuildFile; fileRef = 3A2BA1A328AD9823002578EC /* Array+Extensions.swift */; };
		3A2BA1A628AD9864002578EC /* ThreadHandler.swift in Sources */ = {isa = PBXBuildFile; fileRef = 3A2BA1A528AD9864002578EC /* ThreadHandler.swift */; };
		3A2BA1B228AD9D83002578EC /* Character.swift in Sources */ = {isa = PBXBuildFile; fileRef = 3A2BA1B128AD9D83002578EC /* Character.swift */; };
		3A2BA1B428ADA4D3002578EC /* Url.swift in Sources */ = {isa = PBXBuildFile; fileRef = 3A2BA1B328ADA4D3002578EC /* Url.swift */; };
		3A2BA1B628ADA4E9002578EC /* Image.swift in Sources */ = {isa = PBXBuildFile; fileRef = 3A2BA1B528ADA4E9002578EC /* Image.swift */; };
		3A2BA1B828ADA509002578EC /* ComicList.swift in Sources */ = {isa = PBXBuildFile; fileRef = 3A2BA1B728ADA509002578EC /* ComicList.swift */; };
		3A2BA1BA28ADA529002578EC /* StoryList.swift in Sources */ = {isa = PBXBuildFile; fileRef = 3A2BA1B928ADA529002578EC /* StoryList.swift */; };
		3A2BA1BC28ADA53A002578EC /* EventList.swift in Sources */ = {isa = PBXBuildFile; fileRef = 3A2BA1BB28ADA53A002578EC /* EventList.swift */; };
		3A2BA1BE28ADA54D002578EC /* SeriesList.swift in Sources */ = {isa = PBXBuildFile; fileRef = 3A2BA1BD28ADA54D002578EC /* SeriesList.swift */; };
		566018E556341BBC04488518 /* Pods_MarvelUITests.framework in Frameworks */ = {isa = PBXBuildFile; fileRef = 5E39ED1DBA0BF3D8AAFC5FC8 /* Pods_MarvelUITests.framework */; };
		F0406162B321B530CBCCCD8A /* Pods_MarvelTests.framework in Frameworks */ = {isa = PBXBuildFile; fileRef = 4E3DAE9A3DBDD0BA3B97D440 /* Pods_MarvelTests.framework */; };
/* End PBXBuildFile section */

/* Begin PBXContainerItemProxy section */
		3A2BA18328AD947A002578EC /* PBXContainerItemProxy */ = {
			isa = PBXContainerItemProxy;
			containerPortal = 3A2BA16428AD9479002578EC /* Project object */;
			proxyType = 1;
			remoteGlobalIDString = 3A2BA16B28AD9479002578EC;
			remoteInfo = Marvel;
		};
		3A2BA18D28AD947A002578EC /* PBXContainerItemProxy */ = {
			isa = PBXContainerItemProxy;
			containerPortal = 3A2BA16428AD9479002578EC /* Project object */;
			proxyType = 1;
			remoteGlobalIDString = 3A2BA16B28AD9479002578EC;
			remoteInfo = Marvel;
		};
/* End PBXContainerItemProxy section */

/* Begin PBXFileReference section */
		1524AB40F3E77AC14BF9FB3D /* Pods-Marvel.debug.xcconfig */ = {isa = PBXFileReference; includeInIndex = 1; lastKnownFileType = text.xcconfig; name = "Pods-Marvel.debug.xcconfig"; path = "Target Support Files/Pods-Marvel/Pods-Marvel.debug.xcconfig"; sourceTree = "<group>"; };
		1FCC1B04EFE48193EE0B78B8 /* Pods_Marvel.framework */ = {isa = PBXFileReference; explicitFileType = wrapper.framework; includeInIndex = 0; path = Pods_Marvel.framework; sourceTree = BUILT_PRODUCTS_DIR; };
		288816CAB90AD1983C517A64 /* Pods-MarvelTests.debug.xcconfig */ = {isa = PBXFileReference; includeInIndex = 1; lastKnownFileType = text.xcconfig; name = "Pods-MarvelTests.debug.xcconfig"; path = "Target Support Files/Pods-MarvelTests/Pods-MarvelTests.debug.xcconfig"; sourceTree = "<group>"; };
		3A2BA16C28AD9479002578EC /* Marvel.app */ = {isa = PBXFileReference; explicitFileType = wrapper.application; includeInIndex = 0; path = Marvel.app; sourceTree = BUILT_PRODUCTS_DIR; };
		3A2BA16F28AD9479002578EC /* AppDelegate.swift */ = {isa = PBXFileReference; lastKnownFileType = sourcecode.swift; path = AppDelegate.swift; sourceTree = "<group>"; };
		3A2BA17128AD9479002578EC /* SceneDelegate.swift */ = {isa = PBXFileReference; lastKnownFileType = sourcecode.swift; path = SceneDelegate.swift; sourceTree = "<group>"; };
		3A2BA17328AD9479002578EC /* MainViewController.swift */ = {isa = PBXFileReference; lastKnownFileType = sourcecode.swift; path = MainViewController.swift; sourceTree = "<group>"; };
		3A2BA17628AD9479002578EC /* Base */ = {isa = PBXFileReference; lastKnownFileType = file.storyboard; name = Base; path = Base.lproj/Main.storyboard; sourceTree = "<group>"; };
		3A2BA17828AD947A002578EC /* Assets.xcassets */ = {isa = PBXFileReference; lastKnownFileType = folder.assetcatalog; path = Assets.xcassets; sourceTree = "<group>"; };
		3A2BA17B28AD947A002578EC /* Base */ = {isa = PBXFileReference; lastKnownFileType = file.storyboard; name = Base; path = Base.lproj/LaunchScreen.storyboard; sourceTree = "<group>"; };
		3A2BA17D28AD947A002578EC /* Info.plist */ = {isa = PBXFileReference; lastKnownFileType = text.plist.xml; path = Info.plist; sourceTree = "<group>"; };
		3A2BA18228AD947A002578EC /* MarvelTests.xctest */ = {isa = PBXFileReference; explicitFileType = wrapper.cfbundle; includeInIndex = 0; path = MarvelTests.xctest; sourceTree = BUILT_PRODUCTS_DIR; };
		3A2BA18628AD947A002578EC /* MarvelTests.swift */ = {isa = PBXFileReference; lastKnownFileType = sourcecode.swift; path = MarvelTests.swift; sourceTree = "<group>"; };
		3A2BA18C28AD947A002578EC /* MarvelUITests.xctest */ = {isa = PBXFileReference; explicitFileType = wrapper.cfbundle; includeInIndex = 0; path = MarvelUITests.xctest; sourceTree = BUILT_PRODUCTS_DIR; };
		3A2BA19028AD947A002578EC /* MarvelUITests.swift */ = {isa = PBXFileReference; lastKnownFileType = sourcecode.swift; path = MarvelUITests.swift; sourceTree = "<group>"; };
		3A2BA19228AD947A002578EC /* MarvelUITestsLaunchTests.swift */ = {isa = PBXFileReference; lastKnownFileType = sourcecode.swift; path = MarvelUITestsLaunchTests.swift; sourceTree = "<group>"; };
		3A2BA1A328AD9823002578EC /* Array+Extensions.swift */ = {isa = PBXFileReference; lastKnownFileType = sourcecode.swift; path = "Array+Extensions.swift"; sourceTree = "<group>"; };
		3A2BA1A528AD9864002578EC /* ThreadHandler.swift */ = {isa = PBXFileReference; lastKnownFileType = sourcecode.swift; path = ThreadHandler.swift; sourceTree = "<group>"; };
		3A2BA1B128AD9D83002578EC /* Character.swift */ = {isa = PBXFileReference; lastKnownFileType = sourcecode.swift; path = Character.swift; sourceTree = "<group>"; };
		3A2BA1B328ADA4D3002578EC /* Url.swift */ = {isa = PBXFileReference; lastKnownFileType = sourcecode.swift; path = Url.swift; sourceTree = "<group>"; };
		3A2BA1B528ADA4E9002578EC /* Image.swift */ = {isa = PBXFileReference; lastKnownFileType = sourcecode.swift; path = Image.swift; sourceTree = "<group>"; };
		3A2BA1B728ADA509002578EC /* ComicList.swift */ = {isa = PBXFileReference; lastKnownFileType = sourcecode.swift; path = ComicList.swift; sourceTree = "<group>"; };
		3A2BA1B928ADA529002578EC /* StoryList.swift */ = {isa = PBXFileReference; lastKnownFileType = sourcecode.swift; path = StoryList.swift; sourceTree = "<group>"; };
		3A2BA1BB28ADA53A002578EC /* EventList.swift */ = {isa = PBXFileReference; lastKnownFileType = sourcecode.swift; path = EventList.swift; sourceTree = "<group>"; };
		3A2BA1BD28ADA54D002578EC /* SeriesList.swift */ = {isa = PBXFileReference; lastKnownFileType = sourcecode.swift; path = SeriesList.swift; sourceTree = "<group>"; };
		4E3DAE9A3DBDD0BA3B97D440 /* Pods_MarvelTests.framework */ = {isa = PBXFileReference; explicitFileType = wrapper.framework; includeInIndex = 0; path = Pods_MarvelTests.framework; sourceTree = BUILT_PRODUCTS_DIR; };
		5E39ED1DBA0BF3D8AAFC5FC8 /* Pods_MarvelUITests.framework */ = {isa = PBXFileReference; explicitFileType = wrapper.framework; includeInIndex = 0; path = Pods_MarvelUITests.framework; sourceTree = BUILT_PRODUCTS_DIR; };
		A33CC992278C206E11E60313 /* Pods-MarvelUITests.release.xcconfig */ = {isa = PBXFileReference; includeInIndex = 1; lastKnownFileType = text.xcconfig; name = "Pods-MarvelUITests.release.xcconfig"; path = "Target Support Files/Pods-MarvelUITests/Pods-MarvelUITests.release.xcconfig"; sourceTree = "<group>"; };
		D79422760290B96DD9CE9CDC /* Pods-MarvelTests.release.xcconfig */ = {isa = PBXFileReference; includeInIndex = 1; lastKnownFileType = text.xcconfig; name = "Pods-MarvelTests.release.xcconfig"; path = "Target Support Files/Pods-MarvelTests/Pods-MarvelTests.release.xcconfig"; sourceTree = "<group>"; };
		E7DDC2EB4F5C93603147A7B3 /* Pods-Marvel.release.xcconfig */ = {isa = PBXFileReference; includeInIndex = 1; lastKnownFileType = text.xcconfig; name = "Pods-Marvel.release.xcconfig"; path = "Target Support Files/Pods-Marvel/Pods-Marvel.release.xcconfig"; sourceTree = "<group>"; };
		F4570BECE01B32F1D5C1F6D1 /* Pods-MarvelUITests.debug.xcconfig */ = {isa = PBXFileReference; includeInIndex = 1; lastKnownFileType = text.xcconfig; name = "Pods-MarvelUITests.debug.xcconfig"; path = "Target Support Files/Pods-MarvelUITests/Pods-MarvelUITests.debug.xcconfig"; sourceTree = "<group>"; };
/* End PBXFileReference section */

/* Begin PBXFrameworksBuildPhase section */
		3A2BA16928AD9479002578EC /* Frameworks */ = {
			isa = PBXFrameworksBuildPhase;
			buildActionMask = 2147483647;
			files = (
				2B8ACF0ACCCD17D776973EEF /* Pods_Marvel.framework in Frameworks */,
			);
			runOnlyForDeploymentPostprocessing = 0;
		};
		3A2BA17F28AD947A002578EC /* Frameworks */ = {
			isa = PBXFrameworksBuildPhase;
			buildActionMask = 2147483647;
			files = (
				F0406162B321B530CBCCCD8A /* Pods_MarvelTests.framework in Frameworks */,
			);
			runOnlyForDeploymentPostprocessing = 0;
		};
		3A2BA18928AD947A002578EC /* Frameworks */ = {
			isa = PBXFrameworksBuildPhase;
			buildActionMask = 2147483647;
			files = (
				566018E556341BBC04488518 /* Pods_MarvelUITests.framework in Frameworks */,
			);
			runOnlyForDeploymentPostprocessing = 0;
		};
/* End PBXFrameworksBuildPhase section */

/* Begin PBXGroup section */
		3A2BA16328AD9479002578EC = {
			isa = PBXGroup;
			children = (
				3A2BA16E28AD9479002578EC /* Marvel */,
				3A2BA18528AD947A002578EC /* MarvelTests */,
				3A2BA18F28AD947A002578EC /* MarvelUITests */,
				3A2BA16D28AD9479002578EC /* Products */,
				D5FEC98523C880197A10F799 /* Pods */,
				A1E9B39063C536FC7FD4C632 /* Frameworks */,
			);
			sourceTree = "<group>";
		};
		3A2BA16D28AD9479002578EC /* Products */ = {
			isa = PBXGroup;
			children = (
				3A2BA16C28AD9479002578EC /* Marvel.app */,
				3A2BA18228AD947A002578EC /* MarvelTests.xctest */,
				3A2BA18C28AD947A002578EC /* MarvelUITests.xctest */,
			);
			name = Products;
			sourceTree = "<group>";
		};
		3A2BA16E28AD9479002578EC /* Marvel */ = {
			isa = PBXGroup;
			children = (
				3A2BA1A928AD9B00002578EC /* Infrastructure */,
				3A2BA1A828AD9AFB002578EC /* Domain */,
				3A2BA1A728AD9877002578EC /* Extensions */,
				3A2BA1A228AD9814002578EC /* Utilities */,
				3A2BA19F28AD97B5002578EC /* MainView */,
				3A2BA16F28AD9479002578EC /* AppDelegate.swift */,
				3A2BA17128AD9479002578EC /* SceneDelegate.swift */,
				3A2BA17528AD9479002578EC /* Main.storyboard */,
				3A2BA17828AD947A002578EC /* Assets.xcassets */,
				3A2BA17A28AD947A002578EC /* LaunchScreen.storyboard */,
				3A2BA17D28AD947A002578EC /* Info.plist */,
			);
			path = Marvel;
			sourceTree = "<group>";
		};
		3A2BA18528AD947A002578EC /* MarvelTests */ = {
			isa = PBXGroup;
			children = (
				3A2BA18628AD947A002578EC /* MarvelTests.swift */,
			);
			path = MarvelTests;
			sourceTree = "<group>";
		};
		3A2BA18F28AD947A002578EC /* MarvelUITests */ = {
			isa = PBXGroup;
			children = (
				3A2BA19028AD947A002578EC /* MarvelUITests.swift */,
				3A2BA19228AD947A002578EC /* MarvelUITestsLaunchTests.swift */,
			);
			path = MarvelUITests;
			sourceTree = "<group>";
		};
		3A2BA19F28AD97B5002578EC /* MainView */ = {
			isa = PBXGroup;
			children = (
				3A2BA1A128AD97C4002578EC /* ViewModel */,
				3A2BA1A028AD97BE002578EC /* ViewController */,
			);
			path = MainView;
			sourceTree = "<group>";
		};
		3A2BA1A028AD97BE002578EC /* ViewController */ = {
			isa = PBXGroup;
			children = (
				3A2BA17328AD9479002578EC /* MainViewController.swift */,
			);
			path = ViewController;
			sourceTree = "<group>";
		};
		3A2BA1A128AD97C4002578EC /* ViewModel */ = {
			isa = PBXGroup;
			children = (
			);
			path = ViewModel;
			sourceTree = "<group>";
		};
		3A2BA1A228AD9814002578EC /* Utilities */ = {
			isa = PBXGroup;
			children = (
				3A2BA1A528AD9864002578EC /* ThreadHandler.swift */,
			);
			path = Utilities;
			sourceTree = "<group>";
		};
		3A2BA1A728AD9877002578EC /* Extensions */ = {
			isa = PBXGroup;
			children = (
				3A2BA1A328AD9823002578EC /* Array+Extensions.swift */,
			);
			path = Extensions;
			sourceTree = "<group>";
		};
		3A2BA1A828AD9AFB002578EC /* Domain */ = {
			isa = PBXGroup;
			children = (
				3A2BA1AC28AD9B3E002578EC /* UseCase */,
				3A2BA1AB28AD9B36002578EC /* Repository */,
				3A2BA1AA28AD9B28002578EC /* Model */,
			);
			path = Domain;
			sourceTree = "<group>";
		};
		3A2BA1A928AD9B00002578EC /* Infrastructure */ = {
			isa = PBXGroup;
			children = (
				3A2BA1B028AD9B92002578EC /* Mapper */,
				3A2BA1AF28AD9B75002578EC /* Model */,
				3A2BA1AE28AD9B6A002578EC /* DataProvider */,
				3A2BA1AD28AD9B50002578EC /* Repository */,
			);
			path = Infrastructure;
			sourceTree = "<group>";
		};
		3A2BA1AA28AD9B28002578EC /* Model */ = {
			isa = PBXGroup;
			children = (
				3A2BA1B128AD9D83002578EC /* Character.swift */,
				3A2BA1B328ADA4D3002578EC /* Url.swift */,
				3A2BA1B528ADA4E9002578EC /* Image.swift */,
				3A2BA1B728ADA509002578EC /* ComicList.swift */,
				3A2BA1B928ADA529002578EC /* StoryList.swift */,
				3A2BA1BB28ADA53A002578EC /* EventList.swift */,
				3A2BA1BD28ADA54D002578EC /* SeriesList.swift */,
			);
			path = Model;
			sourceTree = "<group>";
		};
		3A2BA1AB28AD9B36002578EC /* Repository */ = {
			isa = PBXGroup;
			children = (
			);
			path = Repository;
			sourceTree = "<group>";
		};
		3A2BA1AC28AD9B3E002578EC /* UseCase */ = {
			isa = PBXGroup;
			children = (
			);
			path = UseCase;
			sourceTree = "<group>";
		};
		3A2BA1AD28AD9B50002578EC /* Repository */ = {
			isa = PBXGroup;
			children = (
			);
			path = Repository;
			sourceTree = "<group>";
		};
		3A2BA1AE28AD9B6A002578EC /* DataProvider */ = {
			isa = PBXGroup;
			children = (
			);
			path = DataProvider;
			sourceTree = "<group>";
		};
		3A2BA1AF28AD9B75002578EC /* Model */ = {
			isa = PBXGroup;
			children = (
			);
			path = Model;
			sourceTree = "<group>";
		};
		3A2BA1B028AD9B92002578EC /* Mapper */ = {
			isa = PBXGroup;
			children = (
			);
			path = Mapper;
			sourceTree = "<group>";
		};
		A1E9B39063C536FC7FD4C632 /* Frameworks */ = {
			isa = PBXGroup;
			children = (
				1FCC1B04EFE48193EE0B78B8 /* Pods_Marvel.framework */,
				4E3DAE9A3DBDD0BA3B97D440 /* Pods_MarvelTests.framework */,
				5E39ED1DBA0BF3D8AAFC5FC8 /* Pods_MarvelUITests.framework */,
			);
			name = Frameworks;
			sourceTree = "<group>";
		};
		D5FEC98523C880197A10F799 /* Pods */ = {
			isa = PBXGroup;
			children = (
				1524AB40F3E77AC14BF9FB3D /* Pods-Marvel.debug.xcconfig */,
				E7DDC2EB4F5C93603147A7B3 /* Pods-Marvel.release.xcconfig */,
				288816CAB90AD1983C517A64 /* Pods-MarvelTests.debug.xcconfig */,
				D79422760290B96DD9CE9CDC /* Pods-MarvelTests.release.xcconfig */,
				F4570BECE01B32F1D5C1F6D1 /* Pods-MarvelUITests.debug.xcconfig */,
				A33CC992278C206E11E60313 /* Pods-MarvelUITests.release.xcconfig */,
			);
			path = Pods;
			sourceTree = "<group>";
		};
/* End PBXGroup section */

/* Begin PBXNativeTarget section */
		3A2BA16B28AD9479002578EC /* Marvel */ = {
			isa = PBXNativeTarget;
			buildConfigurationList = 3A2BA19628AD947A002578EC /* Build configuration list for PBXNativeTarget "Marvel" */;
			buildPhases = (
				A666B9227CA6F08632214B11 /* [CP] Check Pods Manifest.lock */,
				3A2BA16828AD9479002578EC /* Sources */,
				3A2BA16928AD9479002578EC /* Frameworks */,
				3A2BA16A28AD9479002578EC /* Resources */,
				C431C3472FEF8CB20D06BCCA /* [CP] Embed Pods Frameworks */,
			);
			buildRules = (
			);
			dependencies = (
			);
			name = Marvel;
			productName = Marvel;
			productReference = 3A2BA16C28AD9479002578EC /* Marvel.app */;
			productType = "com.apple.product-type.application";
		};
		3A2BA18128AD947A002578EC /* MarvelTests */ = {
			isa = PBXNativeTarget;
			buildConfigurationList = 3A2BA19928AD947A002578EC /* Build configuration list for PBXNativeTarget "MarvelTests" */;
			buildPhases = (
				4627335E243C69458DE0EB40 /* [CP] Check Pods Manifest.lock */,
				3A2BA17E28AD947A002578EC /* Sources */,
				3A2BA17F28AD947A002578EC /* Frameworks */,
				3A2BA18028AD947A002578EC /* Resources */,
				B2A0041BC0B0749A2323A074 /* [CP] Embed Pods Frameworks */,
			);
			buildRules = (
			);
			dependencies = (
				3A2BA18428AD947A002578EC /* PBXTargetDependency */,
			);
			name = MarvelTests;
			productName = MarvelTests;
			productReference = 3A2BA18228AD947A002578EC /* MarvelTests.xctest */;
			productType = "com.apple.product-type.bundle.unit-test";
		};
		3A2BA18B28AD947A002578EC /* MarvelUITests */ = {
			isa = PBXNativeTarget;
			buildConfigurationList = 3A2BA19C28AD947A002578EC /* Build configuration list for PBXNativeTarget "MarvelUITests" */;
			buildPhases = (
				5A8474D7A5AECE60438AF94F /* [CP] Check Pods Manifest.lock */,
				3A2BA18828AD947A002578EC /* Sources */,
				3A2BA18928AD947A002578EC /* Frameworks */,
				3A2BA18A28AD947A002578EC /* Resources */,
				78B1EE359860FFE5302CA8DC /* [CP] Embed Pods Frameworks */,
			);
			buildRules = (
			);
			dependencies = (
				3A2BA18E28AD947A002578EC /* PBXTargetDependency */,
			);
			name = MarvelUITests;
			productName = MarvelUITests;
			productReference = 3A2BA18C28AD947A002578EC /* MarvelUITests.xctest */;
			productType = "com.apple.product-type.bundle.ui-testing";
		};
/* End PBXNativeTarget section */

/* Begin PBXProject section */
		3A2BA16428AD9479002578EC /* Project object */ = {
			isa = PBXProject;
			attributes = {
				BuildIndependentTargetsInParallel = 1;
				LastSwiftUpdateCheck = 1340;
				LastUpgradeCheck = 1340;
				TargetAttributes = {
					3A2BA16B28AD9479002578EC = {
						CreatedOnToolsVersion = 13.4.1;
					};
					3A2BA18128AD947A002578EC = {
						CreatedOnToolsVersion = 13.4.1;
						TestTargetID = 3A2BA16B28AD9479002578EC;
					};
					3A2BA18B28AD947A002578EC = {
						CreatedOnToolsVersion = 13.4.1;
						TestTargetID = 3A2BA16B28AD9479002578EC;
					};
				};
			};
			buildConfigurationList = 3A2BA16728AD9479002578EC /* Build configuration list for PBXProject "Marvel" */;
			compatibilityVersion = "Xcode 13.0";
			developmentRegion = en;
			hasScannedForEncodings = 0;
			knownRegions = (
				en,
				Base,
			);
			mainGroup = 3A2BA16328AD9479002578EC;
			productRefGroup = 3A2BA16D28AD9479002578EC /* Products */;
			projectDirPath = "";
			projectRoot = "";
			targets = (
				3A2BA16B28AD9479002578EC /* Marvel */,
				3A2BA18128AD947A002578EC /* MarvelTests */,
				3A2BA18B28AD947A002578EC /* MarvelUITests */,
			);
		};
/* End PBXProject section */

/* Begin PBXResourcesBuildPhase section */
		3A2BA16A28AD9479002578EC /* Resources */ = {
			isa = PBXResourcesBuildPhase;
			buildActionMask = 2147483647;
			files = (
				3A2BA17C28AD947A002578EC /* LaunchScreen.storyboard in Resources */,
				3A2BA17928AD947A002578EC /* Assets.xcassets in Resources */,
				3A2BA17728AD9479002578EC /* Main.storyboard in Resources */,
			);
			runOnlyForDeploymentPostprocessing = 0;
		};
		3A2BA18028AD947A002578EC /* Resources */ = {
			isa = PBXResourcesBuildPhase;
			buildActionMask = 2147483647;
			files = (
			);
			runOnlyForDeploymentPostprocessing = 0;
		};
		3A2BA18A28AD947A002578EC /* Resources */ = {
			isa = PBXResourcesBuildPhase;
			buildActionMask = 2147483647;
			files = (
			);
			runOnlyForDeploymentPostprocessing = 0;
		};
/* End PBXResourcesBuildPhase section */

/* Begin PBXShellScriptBuildPhase section */
		4627335E243C69458DE0EB40 /* [CP] Check Pods Manifest.lock */ = {
			isa = PBXShellScriptBuildPhase;
			buildActionMask = 2147483647;
			files = (
			);
			inputFileListPaths = (
			);
			inputPaths = (
				"${PODS_PODFILE_DIR_PATH}/Podfile.lock",
				"${PODS_ROOT}/Manifest.lock",
			);
			name = "[CP] Check Pods Manifest.lock";
			outputFileListPaths = (
			);
			outputPaths = (
				"$(DERIVED_FILE_DIR)/Pods-MarvelTests-checkManifestLockResult.txt",
			);
			runOnlyForDeploymentPostprocessing = 0;
			shellPath = /bin/sh;
			shellScript = "diff \"${PODS_PODFILE_DIR_PATH}/Podfile.lock\" \"${PODS_ROOT}/Manifest.lock\" > /dev/null\nif [ $? != 0 ] ; then\n    # print error to STDERR\n    echo \"error: The sandbox is not in sync with the Podfile.lock. Run 'pod install' or update your CocoaPods installation.\" >&2\n    exit 1\nfi\n# This output is used by Xcode 'outputs' to avoid re-running this script phase.\necho \"SUCCESS\" > \"${SCRIPT_OUTPUT_FILE_0}\"\n";
			showEnvVarsInLog = 0;
		};
		5A8474D7A5AECE60438AF94F /* [CP] Check Pods Manifest.lock */ = {
			isa = PBXShellScriptBuildPhase;
			buildActionMask = 2147483647;
			files = (
			);
			inputFileListPaths = (
			);
			inputPaths = (
				"${PODS_PODFILE_DIR_PATH}/Podfile.lock",
				"${PODS_ROOT}/Manifest.lock",
			);
			name = "[CP] Check Pods Manifest.lock";
			outputFileListPaths = (
			);
			outputPaths = (
				"$(DERIVED_FILE_DIR)/Pods-MarvelUITests-checkManifestLockResult.txt",
			);
			runOnlyForDeploymentPostprocessing = 0;
			shellPath = /bin/sh;
			shellScript = "diff \"${PODS_PODFILE_DIR_PATH}/Podfile.lock\" \"${PODS_ROOT}/Manifest.lock\" > /dev/null\nif [ $? != 0 ] ; then\n    # print error to STDERR\n    echo \"error: The sandbox is not in sync with the Podfile.lock. Run 'pod install' or update your CocoaPods installation.\" >&2\n    exit 1\nfi\n# This output is used by Xcode 'outputs' to avoid re-running this script phase.\necho \"SUCCESS\" > \"${SCRIPT_OUTPUT_FILE_0}\"\n";
			showEnvVarsInLog = 0;
		};
		78B1EE359860FFE5302CA8DC /* [CP] Embed Pods Frameworks */ = {
			isa = PBXShellScriptBuildPhase;
			buildActionMask = 2147483647;
			files = (
			);
			inputFileListPaths = (
				"${PODS_ROOT}/Target Support Files/Pods-MarvelUITests/Pods-MarvelUITests-frameworks-${CONFIGURATION}-input-files.xcfilelist",
			);
			name = "[CP] Embed Pods Frameworks";
			outputFileListPaths = (
				"${PODS_ROOT}/Target Support Files/Pods-MarvelUITests/Pods-MarvelUITests-frameworks-${CONFIGURATION}-output-files.xcfilelist",
			);
			runOnlyForDeploymentPostprocessing = 0;
			shellPath = /bin/sh;
			shellScript = "\"${PODS_ROOT}/Target Support Files/Pods-MarvelUITests/Pods-MarvelUITests-frameworks.sh\"\n";
			showEnvVarsInLog = 0;
		};
		A666B9227CA6F08632214B11 /* [CP] Check Pods Manifest.lock */ = {
			isa = PBXShellScriptBuildPhase;
			buildActionMask = 2147483647;
			files = (
			);
			inputFileListPaths = (
			);
			inputPaths = (
				"${PODS_PODFILE_DIR_PATH}/Podfile.lock",
				"${PODS_ROOT}/Manifest.lock",
			);
			name = "[CP] Check Pods Manifest.lock";
			outputFileListPaths = (
			);
			outputPaths = (
				"$(DERIVED_FILE_DIR)/Pods-Marvel-checkManifestLockResult.txt",
			);
			runOnlyForDeploymentPostprocessing = 0;
			shellPath = /bin/sh;
			shellScript = "diff \"${PODS_PODFILE_DIR_PATH}/Podfile.lock\" \"${PODS_ROOT}/Manifest.lock\" > /dev/null\nif [ $? != 0 ] ; then\n    # print error to STDERR\n    echo \"error: The sandbox is not in sync with the Podfile.lock. Run 'pod install' or update your CocoaPods installation.\" >&2\n    exit 1\nfi\n# This output is used by Xcode 'outputs' to avoid re-running this script phase.\necho \"SUCCESS\" > \"${SCRIPT_OUTPUT_FILE_0}\"\n";
			showEnvVarsInLog = 0;
		};
		B2A0041BC0B0749A2323A074 /* [CP] Embed Pods Frameworks */ = {
			isa = PBXShellScriptBuildPhase;
			buildActionMask = 2147483647;
			files = (
			);
			inputFileListPaths = (
				"${PODS_ROOT}/Target Support Files/Pods-MarvelTests/Pods-MarvelTests-frameworks-${CONFIGURATION}-input-files.xcfilelist",
			);
			name = "[CP] Embed Pods Frameworks";
			outputFileListPaths = (
				"${PODS_ROOT}/Target Support Files/Pods-MarvelTests/Pods-MarvelTests-frameworks-${CONFIGURATION}-output-files.xcfilelist",
			);
			runOnlyForDeploymentPostprocessing = 0;
			shellPath = /bin/sh;
			shellScript = "\"${PODS_ROOT}/Target Support Files/Pods-MarvelTests/Pods-MarvelTests-frameworks.sh\"\n";
			showEnvVarsInLog = 0;
		};
		C431C3472FEF8CB20D06BCCA /* [CP] Embed Pods Frameworks */ = {
			isa = PBXShellScriptBuildPhase;
			buildActionMask = 2147483647;
			files = (
			);
			inputFileListPaths = (
				"${PODS_ROOT}/Target Support Files/Pods-Marvel/Pods-Marvel-frameworks-${CONFIGURATION}-input-files.xcfilelist",
			);
			name = "[CP] Embed Pods Frameworks";
			outputFileListPaths = (
				"${PODS_ROOT}/Target Support Files/Pods-Marvel/Pods-Marvel-frameworks-${CONFIGURATION}-output-files.xcfilelist",
			);
			runOnlyForDeploymentPostprocessing = 0;
			shellPath = /bin/sh;
			shellScript = "\"${PODS_ROOT}/Target Support Files/Pods-Marvel/Pods-Marvel-frameworks.sh\"\n";
			showEnvVarsInLog = 0;
		};
/* End PBXShellScriptBuildPhase section */

/* Begin PBXSourcesBuildPhase section */
		3A2BA16828AD9479002578EC /* Sources */ = {
			isa = PBXSourcesBuildPhase;
			buildActionMask = 2147483647;
			files = (
				3A2BA1A628AD9864002578EC /* ThreadHandler.swift in Sources */,
				3A2BA1B828ADA509002578EC /* ComicList.swift in Sources */,
				3A2BA1BC28ADA53A002578EC /* EventList.swift in Sources */,
				3A2BA1B628ADA4E9002578EC /* Image.swift in Sources */,
				3A2BA17428AD9479002578EC /* MainViewController.swift in Sources */,
				3A2BA1B428ADA4D3002578EC /* Url.swift in Sources */,
				3A2BA1BE28ADA54D002578EC /* SeriesList.swift in Sources */,
				3A2BA17028AD9479002578EC /* AppDelegate.swift in Sources */,
				3A2BA1B228AD9D83002578EC /* Character.swift in Sources */,
				3A2BA17228AD9479002578EC /* SceneDelegate.swift in Sources */,
				3A2BA1A428AD9823002578EC /* Array+Extensions.swift in Sources */,
				3A2BA1BA28ADA529002578EC /* StoryList.swift in Sources */,
			);
			runOnlyForDeploymentPostprocessing = 0;
		};
		3A2BA17E28AD947A002578EC /* Sources */ = {
			isa = PBXSourcesBuildPhase;
			buildActionMask = 2147483647;
			files = (
				3A2BA18728AD947A002578EC /* MarvelTests.swift in Sources */,
			);
			runOnlyForDeploymentPostprocessing = 0;
		};
		3A2BA18828AD947A002578EC /* Sources */ = {
			isa = PBXSourcesBuildPhase;
			buildActionMask = 2147483647;
			files = (
				3A2BA19128AD947A002578EC /* MarvelUITests.swift in Sources */,
				3A2BA19328AD947A002578EC /* MarvelUITestsLaunchTests.swift in Sources */,
			);
			runOnlyForDeploymentPostprocessing = 0;
		};
/* End PBXSourcesBuildPhase section */

/* Begin PBXTargetDependency section */
		3A2BA18428AD947A002578EC /* PBXTargetDependency */ = {
			isa = PBXTargetDependency;
			target = 3A2BA16B28AD9479002578EC /* Marvel */;
			targetProxy = 3A2BA18328AD947A002578EC /* PBXContainerItemProxy */;
		};
		3A2BA18E28AD947A002578EC /* PBXTargetDependency */ = {
			isa = PBXTargetDependency;
			target = 3A2BA16B28AD9479002578EC /* Marvel */;
			targetProxy = 3A2BA18D28AD947A002578EC /* PBXContainerItemProxy */;
		};
/* End PBXTargetDependency section */

/* Begin PBXVariantGroup section */
		3A2BA17528AD9479002578EC /* Main.storyboard */ = {
			isa = PBXVariantGroup;
			children = (
				3A2BA17628AD9479002578EC /* Base */,
			);
			name = Main.storyboard;
			sourceTree = "<group>";
		};
		3A2BA17A28AD947A002578EC /* LaunchScreen.storyboard */ = {
			isa = PBXVariantGroup;
			children = (
				3A2BA17B28AD947A002578EC /* Base */,
			);
			name = LaunchScreen.storyboard;
			sourceTree = "<group>";
		};
/* End PBXVariantGroup section */

/* Begin XCBuildConfiguration section */
		3A2BA19428AD947A002578EC /* Debug */ = {
			isa = XCBuildConfiguration;
			buildSettings = {
				ALWAYS_SEARCH_USER_PATHS = NO;
				CLANG_ANALYZER_NONNULL = YES;
				CLANG_ANALYZER_NUMBER_OBJECT_CONVERSION = YES_AGGRESSIVE;
				CLANG_CXX_LANGUAGE_STANDARD = "gnu++17";
				CLANG_ENABLE_MODULES = YES;
				CLANG_ENABLE_OBJC_ARC = YES;
				CLANG_ENABLE_OBJC_WEAK = YES;
				CLANG_WARN_BLOCK_CAPTURE_AUTORELEASING = YES;
				CLANG_WARN_BOOL_CONVERSION = YES;
				CLANG_WARN_COMMA = YES;
				CLANG_WARN_CONSTANT_CONVERSION = YES;
				CLANG_WARN_DEPRECATED_OBJC_IMPLEMENTATIONS = YES;
				CLANG_WARN_DIRECT_OBJC_ISA_USAGE = YES_ERROR;
				CLANG_WARN_DOCUMENTATION_COMMENTS = YES;
				CLANG_WARN_EMPTY_BODY = YES;
				CLANG_WARN_ENUM_CONVERSION = YES;
				CLANG_WARN_INFINITE_RECURSION = YES;
				CLANG_WARN_INT_CONVERSION = YES;
				CLANG_WARN_NON_LITERAL_NULL_CONVERSION = YES;
				CLANG_WARN_OBJC_IMPLICIT_RETAIN_SELF = YES;
				CLANG_WARN_OBJC_LITERAL_CONVERSION = YES;
				CLANG_WARN_OBJC_ROOT_CLASS = YES_ERROR;
				CLANG_WARN_QUOTED_INCLUDE_IN_FRAMEWORK_HEADER = YES;
				CLANG_WARN_RANGE_LOOP_ANALYSIS = YES;
				CLANG_WARN_STRICT_PROTOTYPES = YES;
				CLANG_WARN_SUSPICIOUS_MOVE = YES;
				CLANG_WARN_UNGUARDED_AVAILABILITY = YES_AGGRESSIVE;
				CLANG_WARN_UNREACHABLE_CODE = YES;
				CLANG_WARN__DUPLICATE_METHOD_MATCH = YES;
				COPY_PHASE_STRIP = NO;
				DEBUG_INFORMATION_FORMAT = dwarf;
				ENABLE_STRICT_OBJC_MSGSEND = YES;
				ENABLE_TESTABILITY = YES;
				GCC_C_LANGUAGE_STANDARD = gnu11;
				GCC_DYNAMIC_NO_PIC = NO;
				GCC_NO_COMMON_BLOCKS = YES;
				GCC_OPTIMIZATION_LEVEL = 0;
				GCC_PREPROCESSOR_DEFINITIONS = (
					"DEBUG=1",
					"$(inherited)",
				);
				GCC_WARN_64_TO_32_BIT_CONVERSION = YES;
				GCC_WARN_ABOUT_RETURN_TYPE = YES_ERROR;
				GCC_WARN_UNDECLARED_SELECTOR = YES;
				GCC_WARN_UNINITIALIZED_AUTOS = YES_AGGRESSIVE;
				GCC_WARN_UNUSED_FUNCTION = YES;
				GCC_WARN_UNUSED_VARIABLE = YES;
				IPHONEOS_DEPLOYMENT_TARGET = 15.5;
				MTL_ENABLE_DEBUG_INFO = INCLUDE_SOURCE;
				MTL_FAST_MATH = YES;
				ONLY_ACTIVE_ARCH = YES;
				SDKROOT = iphoneos;
				SWIFT_ACTIVE_COMPILATION_CONDITIONS = DEBUG;
				SWIFT_OPTIMIZATION_LEVEL = "-Onone";
			};
			name = Debug;
		};
		3A2BA19528AD947A002578EC /* Release */ = {
			isa = XCBuildConfiguration;
			buildSettings = {
				ALWAYS_SEARCH_USER_PATHS = NO;
				CLANG_ANALYZER_NONNULL = YES;
				CLANG_ANALYZER_NUMBER_OBJECT_CONVERSION = YES_AGGRESSIVE;
				CLANG_CXX_LANGUAGE_STANDARD = "gnu++17";
				CLANG_ENABLE_MODULES = YES;
				CLANG_ENABLE_OBJC_ARC = YES;
				CLANG_ENABLE_OBJC_WEAK = YES;
				CLANG_WARN_BLOCK_CAPTURE_AUTORELEASING = YES;
				CLANG_WARN_BOOL_CONVERSION = YES;
				CLANG_WARN_COMMA = YES;
				CLANG_WARN_CONSTANT_CONVERSION = YES;
				CLANG_WARN_DEPRECATED_OBJC_IMPLEMENTATIONS = YES;
				CLANG_WARN_DIRECT_OBJC_ISA_USAGE = YES_ERROR;
				CLANG_WARN_DOCUMENTATION_COMMENTS = YES;
				CLANG_WARN_EMPTY_BODY = YES;
				CLANG_WARN_ENUM_CONVERSION = YES;
				CLANG_WARN_INFINITE_RECURSION = YES;
				CLANG_WARN_INT_CONVERSION = YES;
				CLANG_WARN_NON_LITERAL_NULL_CONVERSION = YES;
				CLANG_WARN_OBJC_IMPLICIT_RETAIN_SELF = YES;
				CLANG_WARN_OBJC_LITERAL_CONVERSION = YES;
				CLANG_WARN_OBJC_ROOT_CLASS = YES_ERROR;
				CLANG_WARN_QUOTED_INCLUDE_IN_FRAMEWORK_HEADER = YES;
				CLANG_WARN_RANGE_LOOP_ANALYSIS = YES;
				CLANG_WARN_STRICT_PROTOTYPES = YES;
				CLANG_WARN_SUSPICIOUS_MOVE = YES;
				CLANG_WARN_UNGUARDED_AVAILABILITY = YES_AGGRESSIVE;
				CLANG_WARN_UNREACHABLE_CODE = YES;
				CLANG_WARN__DUPLICATE_METHOD_MATCH = YES;
				COPY_PHASE_STRIP = NO;
				DEBUG_INFORMATION_FORMAT = "dwarf-with-dsym";
				ENABLE_NS_ASSERTIONS = NO;
				ENABLE_STRICT_OBJC_MSGSEND = YES;
				GCC_C_LANGUAGE_STANDARD = gnu11;
				GCC_NO_COMMON_BLOCKS = YES;
				GCC_WARN_64_TO_32_BIT_CONVERSION = YES;
				GCC_WARN_ABOUT_RETURN_TYPE = YES_ERROR;
				GCC_WARN_UNDECLARED_SELECTOR = YES;
				GCC_WARN_UNINITIALIZED_AUTOS = YES_AGGRESSIVE;
				GCC_WARN_UNUSED_FUNCTION = YES;
				GCC_WARN_UNUSED_VARIABLE = YES;
				IPHONEOS_DEPLOYMENT_TARGET = 15.5;
				MTL_ENABLE_DEBUG_INFO = NO;
				MTL_FAST_MATH = YES;
				SDKROOT = iphoneos;
				SWIFT_COMPILATION_MODE = wholemodule;
				SWIFT_OPTIMIZATION_LEVEL = "-O";
				VALIDATE_PRODUCT = YES;
			};
			name = Release;
		};
		3A2BA19728AD947A002578EC /* Debug */ = {
			isa = XCBuildConfiguration;
			baseConfigurationReference = 1524AB40F3E77AC14BF9FB3D /* Pods-Marvel.debug.xcconfig */;
			buildSettings = {
				ASSETCATALOG_COMPILER_APPICON_NAME = AppIcon;
				ASSETCATALOG_COMPILER_GLOBAL_ACCENT_COLOR_NAME = AccentColor;
				CODE_SIGN_STYLE = Automatic;
				CURRENT_PROJECT_VERSION = 1;
				GENERATE_INFOPLIST_FILE = YES;
				INFOPLIST_FILE = Marvel/Info.plist;
				INFOPLIST_KEY_UIApplicationSupportsIndirectInputEvents = YES;
				INFOPLIST_KEY_UILaunchStoryboardName = LaunchScreen;
				INFOPLIST_KEY_UIMainStoryboardFile = Main;
				INFOPLIST_KEY_UISupportedInterfaceOrientations_iPad = "UIInterfaceOrientationPortrait UIInterfaceOrientationPortraitUpsideDown UIInterfaceOrientationLandscapeLeft UIInterfaceOrientationLandscapeRight";
				INFOPLIST_KEY_UISupportedInterfaceOrientations_iPhone = "UIInterfaceOrientationPortrait UIInterfaceOrientationLandscapeLeft UIInterfaceOrientationLandscapeRight";
				LD_RUNPATH_SEARCH_PATHS = (
					"$(inherited)",
					"@executable_path/Frameworks",
				);
				MARKETING_VERSION = 1.0;
				PRODUCT_BUNDLE_IDENTIFIER = Marvel.Marvel;
				PRODUCT_NAME = "$(TARGET_NAME)";
				SWIFT_EMIT_LOC_STRINGS = YES;
				SWIFT_VERSION = 5.0;
				TARGETED_DEVICE_FAMILY = "1,2";
			};
			name = Debug;
		};
		3A2BA19828AD947A002578EC /* Release */ = {
			isa = XCBuildConfiguration;
			baseConfigurationReference = E7DDC2EB4F5C93603147A7B3 /* Pods-Marvel.release.xcconfig */;
			buildSettings = {
				ASSETCATALOG_COMPILER_APPICON_NAME = AppIcon;
				ASSETCATALOG_COMPILER_GLOBAL_ACCENT_COLOR_NAME = AccentColor;
				CODE_SIGN_STYLE = Automatic;
				CURRENT_PROJECT_VERSION = 1;
				GENERATE_INFOPLIST_FILE = YES;
				INFOPLIST_FILE = Marvel/Info.plist;
				INFOPLIST_KEY_UIApplicationSupportsIndirectInputEvents = YES;
				INFOPLIST_KEY_UILaunchStoryboardName = LaunchScreen;
				INFOPLIST_KEY_UIMainStoryboardFile = Main;
				INFOPLIST_KEY_UISupportedInterfaceOrientations_iPad = "UIInterfaceOrientationPortrait UIInterfaceOrientationPortraitUpsideDown UIInterfaceOrientationLandscapeLeft UIInterfaceOrientationLandscapeRight";
				INFOPLIST_KEY_UISupportedInterfaceOrientations_iPhone = "UIInterfaceOrientationPortrait UIInterfaceOrientationLandscapeLeft UIInterfaceOrientationLandscapeRight";
				LD_RUNPATH_SEARCH_PATHS = (
					"$(inherited)",
					"@executable_path/Frameworks",
				);
				MARKETING_VERSION = 1.0;
				PRODUCT_BUNDLE_IDENTIFIER = Marvel.Marvel;
				PRODUCT_NAME = "$(TARGET_NAME)";
				SWIFT_EMIT_LOC_STRINGS = YES;
				SWIFT_VERSION = 5.0;
				TARGETED_DEVICE_FAMILY = "1,2";
			};
			name = Release;
		};
		3A2BA19A28AD947A002578EC /* Debug */ = {
			isa = XCBuildConfiguration;
			baseConfigurationReference = 288816CAB90AD1983C517A64 /* Pods-MarvelTests.debug.xcconfig */;
			buildSettings = {
				ALWAYS_EMBED_SWIFT_STANDARD_LIBRARIES = YES;
				BUNDLE_LOADER = "$(TEST_HOST)";
				CODE_SIGN_STYLE = Automatic;
				CURRENT_PROJECT_VERSION = 1;
				GENERATE_INFOPLIST_FILE = YES;
				IPHONEOS_DEPLOYMENT_TARGET = 15.5;
				MARKETING_VERSION = 1.0;
				PRODUCT_BUNDLE_IDENTIFIER = Marvel.MarvelTests;
				PRODUCT_NAME = "$(TARGET_NAME)";
				SWIFT_EMIT_LOC_STRINGS = NO;
				SWIFT_VERSION = 5.0;
				TARGETED_DEVICE_FAMILY = "1,2";
				TEST_HOST = "$(BUILT_PRODUCTS_DIR)/Marvel.app/Marvel";
			};
			name = Debug;
		};
		3A2BA19B28AD947A002578EC /* Release */ = {
			isa = XCBuildConfiguration;
			baseConfigurationReference = D79422760290B96DD9CE9CDC /* Pods-MarvelTests.release.xcconfig */;
			buildSettings = {
				ALWAYS_EMBED_SWIFT_STANDARD_LIBRARIES = YES;
				BUNDLE_LOADER = "$(TEST_HOST)";
				CODE_SIGN_STYLE = Automatic;
				CURRENT_PROJECT_VERSION = 1;
				GENERATE_INFOPLIST_FILE = YES;
				IPHONEOS_DEPLOYMENT_TARGET = 15.5;
				MARKETING_VERSION = 1.0;
				PRODUCT_BUNDLE_IDENTIFIER = Marvel.MarvelTests;
				PRODUCT_NAME = "$(TARGET_NAME)";
				SWIFT_EMIT_LOC_STRINGS = NO;
				SWIFT_VERSION = 5.0;
				TARGETED_DEVICE_FAMILY = "1,2";
				TEST_HOST = "$(BUILT_PRODUCTS_DIR)/Marvel.app/Marvel";
			};
			name = Release;
		};
		3A2BA19D28AD947A002578EC /* Debug */ = {
			isa = XCBuildConfiguration;
			baseConfigurationReference = F4570BECE01B32F1D5C1F6D1 /* Pods-MarvelUITests.debug.xcconfig */;
			buildSettings = {
				ALWAYS_EMBED_SWIFT_STANDARD_LIBRARIES = YES;
				CODE_SIGN_STYLE = Automatic;
				CURRENT_PROJECT_VERSION = 1;
				GENERATE_INFOPLIST_FILE = YES;
				MARKETING_VERSION = 1.0;
				PRODUCT_BUNDLE_IDENTIFIER = Marvel.MarvelUITests;
				PRODUCT_NAME = "$(TARGET_NAME)";
				SWIFT_EMIT_LOC_STRINGS = NO;
				SWIFT_VERSION = 5.0;
				TARGETED_DEVICE_FAMILY = "1,2";
				TEST_TARGET_NAME = Marvel;
			};
			name = Debug;
		};
		3A2BA19E28AD947A002578EC /* Release */ = {
			isa = XCBuildConfiguration;
			baseConfigurationReference = A33CC992278C206E11E60313 /* Pods-MarvelUITests.release.xcconfig */;
			buildSettings = {
				ALWAYS_EMBED_SWIFT_STANDARD_LIBRARIES = YES;
				CODE_SIGN_STYLE = Automatic;
				CURRENT_PROJECT_VERSION = 1;
				GENERATE_INFOPLIST_FILE = YES;
				MARKETING_VERSION = 1.0;
				PRODUCT_BUNDLE_IDENTIFIER = Marvel.MarvelUITests;
				PRODUCT_NAME = "$(TARGET_NAME)";
				SWIFT_EMIT_LOC_STRINGS = NO;
				SWIFT_VERSION = 5.0;
				TARGETED_DEVICE_FAMILY = "1,2";
				TEST_TARGET_NAME = Marvel;
			};
			name = Release;
		};
/* End XCBuildConfiguration section */

/* Begin XCConfigurationList section */
		3A2BA16728AD9479002578EC /* Build configuration list for PBXProject "Marvel" */ = {
			isa = XCConfigurationList;
			buildConfigurations = (
				3A2BA19428AD947A002578EC /* Debug */,
				3A2BA19528AD947A002578EC /* Release */,
			);
			defaultConfigurationIsVisible = 0;
			defaultConfigurationName = Release;
		};
		3A2BA19628AD947A002578EC /* Build configuration list for PBXNativeTarget "Marvel" */ = {
			isa = XCConfigurationList;
			buildConfigurations = (
				3A2BA19728AD947A002578EC /* Debug */,
				3A2BA19828AD947A002578EC /* Release */,
			);
			defaultConfigurationIsVisible = 0;
			defaultConfigurationName = Release;
		};
		3A2BA19928AD947A002578EC /* Build configuration list for PBXNativeTarget "MarvelTests" */ = {
			isa = XCConfigurationList;
			buildConfigurations = (
				3A2BA19A28AD947A002578EC /* Debug */,
				3A2BA19B28AD947A002578EC /* Release */,
			);
			defaultConfigurationIsVisible = 0;
			defaultConfigurationName = Release;
		};
		3A2BA19C28AD947A002578EC /* Build configuration list for PBXNativeTarget "MarvelUITests" */ = {
			isa = XCConfigurationList;
			buildConfigurations = (
				3A2BA19D28AD947A002578EC /* Debug */,
				3A2BA19E28AD947A002578EC /* Release */,
			);
			defaultConfigurationIsVisible = 0;
			defaultConfigurationName = Release;
		};
/* End XCConfigurationList section */
	};
	rootObject = 3A2BA16428AD9479002578EC /* Project object */;
}
